
Microsoft Visual Studio Solution File, Format Version 12.00
# Visual Studio Version 16
VisualStudioVersion = 16.0.31729.503
MinimumVisualStudioVersion = 10.0.40219.1
Project("{FAE04EC0-301F-11D3-BF4B-00C04F79EFBC}") = "CleanCodeGameV2", "CleanCodeGameV2\CleanCodeGameV2.csproj", "{0C8D89B3-5412-4AD1-8E35-48997C32F6A3}"
EndProject
Project("{FAE04EC0-301F-11D3-BF4B-00C04F79EFBC}") = "TestCleanCodeV2", "TestCleanCodeV2\TestCleanCodeV2.csproj", "{47D87566-3249-44FE-BE22-1326CDEA7E94}"
EndProject
Global
	GlobalSection(SolutionConfigurationPlatforms) = preSolution
		Debug|Any CPU = Debug|Any CPU
		Release|Any CPU = Release|Any CPU
	EndGlobalSection
	GlobalSection(ProjectConfigurationPlatforms) = postSolution
		{0C8D89B3-5412-4AD1-8E35-48997C32F6A3}.Debug|Any CPU.ActiveCfg = Debug|Any CPU
		{0C8D89B3-5412-4AD1-8E35-48997C32F6A3}.Debug|Any CPU.Build.0 = Debug|Any CPU
		{0C8D89B3-5412-4AD1-8E35-48997C32F6A3}.Release|Any CPU.ActiveCfg = Release|Any CPU
		{0C8D89B3-5412-4AD1-8E35-48997C32F6A3}.Release|Any CPU.Build.0 = Release|Any CPU
		{47D87566-3249-44FE-BE22-1326CDEA7E94}.Debug|Any CPU.ActiveCfg = Debug|Any CPU
		{47D87566-3249-44FE-BE22-1326CDEA7E94}.Debug|Any CPU.Build.0 = Debug|Any CPU
		{47D87566-3249-44FE-BE22-1326CDEA7E94}.Release|Any CPU.ActiveCfg = Release|Any CPU
		{47D87566-3249-44FE-BE22-1326CDEA7E94}.Release|Any CPU.Build.0 = Release|Any CPU
	EndGlobalSection
	GlobalSection(SolutionProperties) = preSolution
		HideSolutionNode = FALSE
	EndGlobalSection
	GlobalSection(ExtensibilityGlobals) = postSolution
		SolutionGuid = {335394B7-3B4E-4A5F-A42E-F5386E2FE5C7}
	EndGlobalSection
EndGlobal
